
Microsoft Visual Studio Solution File, Format Version 12.00
# Visual Studio Version 16
VisualStudioVersion = 16.0.30626.31
MinimumVisualStudioVersion = 10.0.40219.1
Project("{FAE04EC0-301F-11D3-BF4B-00C04F79EFBC}") = "EFCore.ConfigurationManager", "EFCore.ConfigurationManager\EFCore.ConfigurationManager.csproj", "{FF9D1A68-4B90-4174-9D46-BAC7C5222269}"
EndProject
Project("{FAE04EC0-301F-11D3-BF4B-00C04F79EFBC}") = "EFCore.ConfigurationManager.Tests", "EFCore.ConfigurationManager.Tests\EFCore.ConfigurationManager.Tests.csproj", "{CC07BE25-6F57-45AE-ADA8-B602B8EC580F}"
EndProject
Global
	GlobalSection(SolutionConfigurationPlatforms) = preSolution
		Debug|Any CPU = Debug|Any CPU
		Release|Any CPU = Release|Any CPU
	EndGlobalSection
	GlobalSection(ProjectConfigurationPlatforms) = postSolution
		{FF9D1A68-4B90-4174-9D46-BAC7C5222269}.Debug|Any CPU.ActiveCfg = Debug|Any CPU
		{FF9D1A68-4B90-4174-9D46-BAC7C5222269}.Debug|Any CPU.Build.0 = Debug|Any CPU
		{FF9D1A68-4B90-4174-9D46-BAC7C5222269}.Release|Any CPU.ActiveCfg = Release|Any CPU
		{FF9D1A68-4B90-4174-9D46-BAC7C5222269}.Release|Any CPU.Build.0 = Release|Any CPU
		{CC07BE25-6F57-45AE-ADA8-B602B8EC580F}.Debug|Any CPU.ActiveCfg = Debug|Any CPU
		{CC07BE25-6F57-45AE-ADA8-B602B8EC580F}.Debug|Any CPU.Build.0 = Debug|Any CPU
		{CC07BE25-6F57-45AE-ADA8-B602B8EC580F}.Release|Any CPU.ActiveCfg = Release|Any CPU
		{CC07BE25-6F57-45AE-ADA8-B602B8EC580F}.Release|Any CPU.Build.0 = Release|Any CPU
	EndGlobalSection
	GlobalSection(SolutionProperties) = preSolution
		HideSolutionNode = FALSE
	EndGlobalSection
	GlobalSection(ExtensibilityGlobals) = postSolution
		SolutionGuid = {1827D502-3EA1-4FA7-8051-15ECB84375B6}
	EndGlobalSection
EndGlobal
